
Microsoft Visual Studio Solution File, Format Version 12.00
# Visual Studio Version 16
VisualStudioVersion = 16.0.29025.244
MinimumVisualStudioVersion = 10.0.40219.1
Project("{FAE04EC0-301F-11D3-BF4B-00C04F79EFBC}") = "cr_api_service", "cr_api_service\cr_api_service.csproj", "{DB756377-0B8B-46F5-89FF-F3EB91A59716}"
EndProject
Global
	GlobalSection(SolutionConfigurationPlatforms) = preSolution
		Debug|Any CPU = Debug|Any CPU
		Release|Any CPU = Release|Any CPU
	EndGlobalSection
	GlobalSection(ProjectConfigurationPlatforms) = postSolution
		{DB756377-0B8B-46F5-89FF-F3EB91A59716}.Debug|Any CPU.ActiveCfg = Debug|Any CPU
		{DB756377-0B8B-46F5-89FF-F3EB91A59716}.Debug|Any CPU.Build.0 = Debug|Any CPU
		{DB756377-0B8B-46F5-89FF-F3EB91A59716}.Release|Any CPU.ActiveCfg = Release|Any CPU
		{DB756377-0B8B-46F5-89FF-F3EB91A59716}.Release|Any CPU.Build.0 = Release|Any CPU
	EndGlobalSection
	GlobalSection(SolutionProperties) = preSolution
		HideSolutionNode = FALSE
	EndGlobalSection
	GlobalSection(ExtensibilityGlobals) = postSolution
		SolutionGuid = {72C2F2AB-78F8-4B39-94C5-1ABB45CB41CA}
	EndGlobalSection
EndGlobal
